<?xml version="1.0" encoding="utf-8"?>
<Project ToolsVersion="4.0" xmlns="http://schemas.microsoft.com/developer/msbuild/2003">
  <ItemGroup>
    <Filter Include="Source Files">
      <UniqueIdentifier>{4FC737F1-C7A5-4376-A066-2A32D752A2FF}</UniqueIdentifier>
      <Extensions>cpp;c;cc;cxx;def;odl;idl;hpj;bat;asm;asmx</Extensions>
    </Filter>
    <Filter Include="Header Files">
      <UniqueIdentifier>{93995380-89BD-4b04-88EB-625FBE52EBFB}</UniqueIdentifier>
      <Extensions>h;hpp;hxx;hm;inl;inc;xsd</Extensions>
    </Filter>
    <Filter Include="Resource Files">
      <UniqueIdentifier>{67DA6AB6-F800-4c08-8B7A-83BB121AAD01}</UniqueIdentifier>
      <Extensions>rc;ico;cur;bmp;dlg;rc2;rct;bin;rgs;gif;jpg;jpeg;jpe;resx;tiff;tif;png;wav;mfcribbon-ms</Extensions>
    </Filter>
  </ItemGroup>
  <ItemGroup>
    <ClCompile Include="..\Code\config.c">
      <Filter>Source Files</Filter>
    </ClCompile>
    <ClCompile Include="..\Code\factorial.c">
      <Filter>Source Files</Filter>
    </ClCompile>
    <ClCompile Include="..\Code\fft.c">
      <Filter>Source Files</Filter>
    </ClCompile>
    <ClCompile Include="..\Code\filt_func.c">
      <Filter>Source Files</Filter>
    </ClCompile>
    <ClCompile Include="..\Code\filter.c">
      <Filter>Source Files</Filter>
    </ClCompile>
    <ClCompile Include="..\Code\Getopt.c">
      <Filter>Source Files</Filter>
    </ClCompile>
    <ClCompile Include="..\Code\op_coeff.c">
      <Filter>Source Files</Filter>
    </ClCompile>
    <ClCompile Include="..\Code\window.c">
      <Filter>Source Files</Filter>
    </ClCompile>
    <ClCompile Include="..\Code\WinFilter.c">
      <Filter>Source Files</Filter>
    </ClCompile>
    <ClCompile Include="..\Code\Graph.c">
      <Filter>Source Files</Filter>
    </ClCompile>
  </ItemGroup>
  <ItemGroup>
    <ClInclude Include="..\include\config.h">
      <Filter>Header Files</Filter>
    </ClInclude>
    <ClInclude Include="..\include\cos_table.h">
      <Filter>Header Files</Filter>
    </ClInclude>
    <ClInclude Include="..\include\fft.h">
      <Filter>Header Files</Filter>
    </ClInclude>
    <ClInclude Include="..\include\filter.h">
      <Filter>Header Files</Filter>
    </ClInclude>
    <ClInclude Include="..\include\window.h">
      <Filter>Header Files</Filter>
    </ClInclude>
    <ClInclude Include="..\include\WinFilter.h">
      <Filter>Header Files</Filter>
    </ClInclude>
    <ClInclude Include="..\Resources\resource.h">
      <Filter>Resource Files</Filter>
    </ClInclude>
    <ClInclude Include="..\Code\Graph.h">
      <Filter>Header Files</Filter>
    </ClInclude>
  </ItemGroup>
  <ItemGroup>
    <None Include="..\Resources\winfilter.ico">
      <Filter>Resource Files</Filter>
    </None>
  </ItemGroup>
  <ItemGroup>
    <ResourceCompile Include="..\Resources\WinFilter.rc">
      <Filter>Resource Files</Filter>
    </ResourceCompile>
  </ItemGroup>
</Project>